
Microsoft Visual Studio Solution File, Format Version 12.00
# Visual Studio Version 17
VisualStudioVersion = 17.5.002.0
MinimumVisualStudioVersion = 10.0.40219.1
Project("{9A19103F-16F7-4668-BE54-9A1E7A4F7556}") = "HtmlToCsv", "HtmlToCsv.csproj", "{7DC4050E-669E-4B5D-8197-D9336E468EED}"
EndProject
Global
	GlobalSection(SolutionConfigurationPlatforms) = preSolution
		Debug|Any CPU = Debug|Any CPU
		Release|Any CPU = Release|Any CPU
	EndGlobalSection
	GlobalSection(ProjectConfigurationPlatforms) = postSolution
		{7DC4050E-669E-4B5D-8197-D9336E468EED}.Debug|Any CPU.ActiveCfg = Debug|Any CPU
		{7DC4050E-669E-4B5D-8197-D9336E468EED}.Debug|Any CPU.Build.0 = Debug|Any CPU
		{7DC4050E-669E-4B5D-8197-D9336E468EED}.Release|Any CPU.ActiveCfg = Release|Any CPU
		{7DC4050E-669E-4B5D-8197-D9336E468EED}.Release|Any CPU.Build.0 = Release|Any CPU
	EndGlobalSection
	GlobalSection(SolutionProperties) = preSolution
		HideSolutionNode = FALSE
	EndGlobalSection
	GlobalSection(ExtensibilityGlobals) = postSolution
		SolutionGuid = {0E2DAB20-925C-4480-A4B8-320386018CC1}
	EndGlobalSection
EndGlobal
